
Microsoft Visual Studio Solution File, Format Version 12.00
# Visual Studio Version 17
VisualStudioVersion = 17.10.35027.167
MinimumVisualStudioVersion = 10.0.40219.1
Project("{FAE04EC0-301F-11D3-BF4B-00C04F79EFBC}") = "Deliverable2", "Deliverable2\Deliverable2.csproj", "{6651B2F5-6BDD-4AAE-8724-72457368D04B}"
EndProject
Global
	GlobalSection(SolutionConfigurationPlatforms) = preSolution
		Debug|Any CPU = Debug|Any CPU
		Release|Any CPU = Release|Any CPU
	EndGlobalSection
	GlobalSection(ProjectConfigurationPlatforms) = postSolution
		{6651B2F5-6BDD-4AAE-8724-72457368D04B}.Debug|Any CPU.ActiveCfg = Debug|Any CPU
		{6651B2F5-6BDD-4AAE-8724-72457368D04B}.Debug|Any CPU.Build.0 = Debug|Any CPU
		{6651B2F5-6BDD-4AAE-8724-72457368D04B}.Release|Any CPU.ActiveCfg = Release|Any CPU
		{6651B2F5-6BDD-4AAE-8724-72457368D04B}.Release|Any CPU.Build.0 = Release|Any CPU
	EndGlobalSection
	GlobalSection(SolutionProperties) = preSolution
		HideSolutionNode = FALSE
	EndGlobalSection
	GlobalSection(ExtensibilityGlobals) = postSolution
		SolutionGuid = {3E2EE418-E0D2-4F74-B84A-3176A746261F}
	EndGlobalSection
EndGlobal
